
Microsoft Visual Studio Solution File, Format Version 12.00
# Visual Studio Version 16
VisualStudioVersion = 16.0.0.0
MinimumVisualStudioVersion = 16.0.0.0
Project("{9A19103F-16F7-4668-BE54-9A1E7A4F7556}") = "UINavigationExample.Windows", "UINavigationExample.Windows\UINavigationExample.Windows.csproj", "{58D5F46C-0FD9-4343-A20A-D689000862DA}"
EndProject
Project("{9A19103F-16F7-4668-BE54-9A1E7A4F7556}") = "UINavigationExample.Game", "UINavigationExample.Game\UINavigationExample.Game.csproj", "{E2AD93A7-D6A0-4C3F-A0D3-D382A4686B14}"
EndProject
Global
	GlobalSection(SolutionConfigurationPlatforms) = preSolution
		Debug|Any CPU = Debug|Any CPU
		Release|Any CPU = Release|Any CPU
	EndGlobalSection
	GlobalSection(ProjectConfigurationPlatforms) = postSolution
		{58D5F46C-0FD9-4343-A20A-D689000862DA}.Debug|Any CPU.ActiveCfg = Debug|Any CPU
		{58D5F46C-0FD9-4343-A20A-D689000862DA}.Debug|Any CPU.Build.0 = Debug|Any CPU
		{58D5F46C-0FD9-4343-A20A-D689000862DA}.Release|Any CPU.ActiveCfg = Release|Any CPU
		{58D5F46C-0FD9-4343-A20A-D689000862DA}.Release|Any CPU.Build.0 = Release|Any CPU
		{E2AD93A7-D6A0-4C3F-A0D3-D382A4686B14}.Debug|Any CPU.ActiveCfg = Debug|Any CPU
		{E2AD93A7-D6A0-4C3F-A0D3-D382A4686B14}.Debug|Any CPU.Build.0 = Debug|Any CPU
		{E2AD93A7-D6A0-4C3F-A0D3-D382A4686B14}.Release|Any CPU.ActiveCfg = Release|Any CPU
		{E2AD93A7-D6A0-4C3F-A0D3-D382A4686B14}.Release|Any CPU.Build.0 = Release|Any CPU
	EndGlobalSection
	GlobalSection(SolutionProperties) = preSolution
		HideSolutionNode = FALSE
	EndGlobalSection
	GlobalSection(ExtensibilityGlobals) = postSolution
		SolutionGuid = {A4A7A6E2-DADB-4D87-AE04-5AA44B123E0E}
	EndGlobalSection
EndGlobal
